
Microsoft Visual Studio Solution File, Format Version 12.00
# Visual Studio 14
VisualStudioVersion = 14.0.25420.1
MinimumVisualStudioVersion = 10.0.40219.1
Project("{FAE04EC0-301F-11D3-BF4B-00C04F79EFBC}") = "Scope Simple tool", "Scope Simple tool\Scope Simple tool.csproj", "{047B46CC-B2EE-46FD-9040-59C6EAE46A32}"
EndProject
Project("{FAE04EC0-301F-11D3-BF4B-00C04F79EFBC}") = "InsLibDotNet", "InsLibDotNet\InsLibDotNet.csproj", "{26626D31-537A-4EAF-8D18-5E6F54C217F1}"
EndProject
Global
	GlobalSection(SolutionConfigurationPlatforms) = preSolution
		Debug|Any CPU = Debug|Any CPU
		Debug|x86 = Debug|x86
		Release|Any CPU = Release|Any CPU
		Release|x86 = Release|x86
	EndGlobalSection
	GlobalSection(ProjectConfigurationPlatforms) = postSolution
		{047B46CC-B2EE-46FD-9040-59C6EAE46A32}.Debug|Any CPU.ActiveCfg = Debug|Any CPU
		{047B46CC-B2EE-46FD-9040-59C6EAE46A32}.Debug|Any CPU.Build.0 = Debug|Any CPU
		{047B46CC-B2EE-46FD-9040-59C6EAE46A32}.Debug|x86.ActiveCfg = Debug|x86
		{047B46CC-B2EE-46FD-9040-59C6EAE46A32}.Debug|x86.Build.0 = Debug|x86
		{047B46CC-B2EE-46FD-9040-59C6EAE46A32}.Release|Any CPU.ActiveCfg = Release|Any CPU
		{047B46CC-B2EE-46FD-9040-59C6EAE46A32}.Release|Any CPU.Build.0 = Release|Any CPU
		{047B46CC-B2EE-46FD-9040-59C6EAE46A32}.Release|x86.ActiveCfg = Release|x86
		{047B46CC-B2EE-46FD-9040-59C6EAE46A32}.Release|x86.Build.0 = Release|x86
		{26626D31-537A-4EAF-8D18-5E6F54C217F1}.Debug|Any CPU.ActiveCfg = Debug|Any CPU
		{26626D31-537A-4EAF-8D18-5E6F54C217F1}.Debug|Any CPU.Build.0 = Debug|Any CPU
		{26626D31-537A-4EAF-8D18-5E6F54C217F1}.Debug|x86.ActiveCfg = Debug|x86
		{26626D31-537A-4EAF-8D18-5E6F54C217F1}.Debug|x86.Build.0 = Debug|x86
		{26626D31-537A-4EAF-8D18-5E6F54C217F1}.Release|Any CPU.ActiveCfg = Release|Any CPU
		{26626D31-537A-4EAF-8D18-5E6F54C217F1}.Release|Any CPU.Build.0 = Release|Any CPU
		{26626D31-537A-4EAF-8D18-5E6F54C217F1}.Release|x86.ActiveCfg = Release|x86
		{26626D31-537A-4EAF-8D18-5E6F54C217F1}.Release|x86.Build.0 = Release|x86
	EndGlobalSection
	GlobalSection(SolutionProperties) = preSolution
		HideSolutionNode = FALSE
	EndGlobalSection
EndGlobal
