
Microsoft Visual Studio Solution File, Format Version 12.00
# Visual Studio Version 17
VisualStudioVersion = 17.5.33530.505
MinimumVisualStudioVersion = 10.0.40219.1
Project("{FAE04EC0-301F-11D3-BF4B-00C04F79EFBC}") = "CS601C", "CS601C\CS601C.csproj", "{59D599B1-A0ED-47C0-87E0-18D0D8FF0B02}"
EndProject
Global
	GlobalSection(SolutionConfigurationPlatforms) = preSolution
		Debug|Any CPU = Debug|Any CPU
		Release|Any CPU = Release|Any CPU
	EndGlobalSection
	GlobalSection(ProjectConfigurationPlatforms) = postSolution
		{59D599B1-A0ED-47C0-87E0-18D0D8FF0B02}.Debug|Any CPU.ActiveCfg = Debug|Any CPU
		{59D599B1-A0ED-47C0-87E0-18D0D8FF0B02}.Debug|Any CPU.Build.0 = Debug|Any CPU
		{59D599B1-A0ED-47C0-87E0-18D0D8FF0B02}.Release|Any CPU.ActiveCfg = Release|Any CPU
		{59D599B1-A0ED-47C0-87E0-18D0D8FF0B02}.Release|Any CPU.Build.0 = Release|Any CPU
	EndGlobalSection
	GlobalSection(SolutionProperties) = preSolution
		HideSolutionNode = FALSE
	EndGlobalSection
	GlobalSection(ExtensibilityGlobals) = postSolution
		SolutionGuid = {70BA7027-9C81-47EA-A022-19CBD3EBF09B}
	EndGlobalSection
EndGlobal
